
Microsoft Visual Studio Solution File, Format Version 12.00
# Visual Studio Version 16
VisualStudioVersion = 16.0.33214.272
MinimumVisualStudioVersion = 10.0.40219.1
Project("{9A19103F-16F7-4668-BE54-9A1E7A4F7556}") = "DynamicConfiguration", "DynamicConfiguration.csproj", "{BC09494F-F83A-4918-9565-076AAA9108E9}"
EndProject
Global
	GlobalSection(SolutionConfigurationPlatforms) = preSolution
		Debug|Any CPU = Debug|Any CPU
		Release|Any CPU = Release|Any CPU
	EndGlobalSection
	GlobalSection(ProjectConfigurationPlatforms) = postSolution
		{BC09494F-F83A-4918-9565-076AAA9108E9}.Debug|Any CPU.ActiveCfg = Debug|Any CPU
		{BC09494F-F83A-4918-9565-076AAA9108E9}.Debug|Any CPU.Build.0 = Debug|Any CPU
		{BC09494F-F83A-4918-9565-076AAA9108E9}.Release|Any CPU.ActiveCfg = Release|Any CPU
		{BC09494F-F83A-4918-9565-076AAA9108E9}.Release|Any CPU.Build.0 = Release|Any CPU
	EndGlobalSection
	GlobalSection(SolutionProperties) = preSolution
		HideSolutionNode = FALSE
	EndGlobalSection
	GlobalSection(ExtensibilityGlobals) = postSolution
		SolutionGuid = {925D2911-F5CC-46B4-8997-E722781A4755}
	EndGlobalSection
EndGlobal
